
Microsoft Visual Studio Solution File, Format Version 12.00
# Visual Studio Version 16
VisualStudioVersion = 16.0.28803.156
MinimumVisualStudioVersion = 10.0.40219.1
Project("{9A19103F-16F7-4668-BE54-9A1E7A4F7556}") = "ConsoleGuiLib", "ConsoleGuiLib\ConsoleGuiLib.csproj", "{5D974324-F819-4405-9A09-5A91FEF96C36}"
EndProject
Project("{9A19103F-16F7-4668-BE54-9A1E7A4F7556}") = "ConsoleGUI-CS", "ConsoleGui\ConsoleGUI-CS.csproj", "{F8A92E50-2D18-44A6-86D0-830B48B5BEFC}"
EndProject
Global
	GlobalSection(SolutionConfigurationPlatforms) = preSolution
		Debug|Any CPU = Debug|Any CPU
		Release|Any CPU = Release|Any CPU
	EndGlobalSection
	GlobalSection(ProjectConfigurationPlatforms) = postSolution
		{5D974324-F819-4405-9A09-5A91FEF96C36}.Debug|Any CPU.ActiveCfg = Debug|Any CPU
		{5D974324-F819-4405-9A09-5A91FEF96C36}.Debug|Any CPU.Build.0 = Debug|Any CPU
		{5D974324-F819-4405-9A09-5A91FEF96C36}.Release|Any CPU.ActiveCfg = Release|Any CPU
		{5D974324-F819-4405-9A09-5A91FEF96C36}.Release|Any CPU.Build.0 = Release|Any CPU
		{F8A92E50-2D18-44A6-86D0-830B48B5BEFC}.Debug|Any CPU.ActiveCfg = Debug|Any CPU
		{F8A92E50-2D18-44A6-86D0-830B48B5BEFC}.Debug|Any CPU.Build.0 = Debug|Any CPU
		{F8A92E50-2D18-44A6-86D0-830B48B5BEFC}.Release|Any CPU.ActiveCfg = Release|Any CPU
		{F8A92E50-2D18-44A6-86D0-830B48B5BEFC}.Release|Any CPU.Build.0 = Release|Any CPU
	EndGlobalSection
	GlobalSection(SolutionProperties) = preSolution
		HideSolutionNode = FALSE
	EndGlobalSection
	GlobalSection(ExtensibilityGlobals) = postSolution
		SolutionGuid = {A60271E7-4AC9-45C7-99F9-1D192F3D1CF9}
	EndGlobalSection
EndGlobal
